
Microsoft Visual Studio Solution File, Format Version 12.00
# Visual Studio Version 17
VisualStudioVersion = 17.13.35919.96
MinimumVisualStudioVersion = 10.0.40219.1
Project("{FAE04EC0-301F-11D3-BF4B-00C04F79EFBC}") = "ASP.NET_MVC", "ASP.NET_MVC\ASP.NET_MVC.csproj", "{7605BA15-06F7-4E6D-B5C8-FA5B92E5C61E}"
EndProject
Project("{FAE04EC0-301F-11D3-BF4B-00C04F79EFBC}") = "ASP.NET_DB", "ASP.NET_DB\ASP.NET_DB.csproj", "{A56F2C2D-9C26-3B96-C99C-3BBB06D60B39}"
EndProject
Global
	GlobalSection(SolutionConfigurationPlatforms) = preSolution
		Debug|Any CPU = Debug|Any CPU
		Release|Any CPU = Release|Any CPU
	EndGlobalSection
	GlobalSection(ProjectConfigurationPlatforms) = postSolution
		{7605BA15-06F7-4E6D-B5C8-FA5B92E5C61E}.Debug|Any CPU.ActiveCfg = Debug|Any CPU
		{7605BA15-06F7-4E6D-B5C8-FA5B92E5C61E}.Debug|Any CPU.Build.0 = Debug|Any CPU
		{7605BA15-06F7-4E6D-B5C8-FA5B92E5C61E}.Release|Any CPU.ActiveCfg = Release|Any CPU
		{7605BA15-06F7-4E6D-B5C8-FA5B92E5C61E}.Release|Any CPU.Build.0 = Release|Any CPU
		{A56F2C2D-9C26-3B96-C99C-3BBB06D60B39}.Debug|Any CPU.ActiveCfg = Debug|Any CPU
		{A56F2C2D-9C26-3B96-C99C-3BBB06D60B39}.Debug|Any CPU.Build.0 = Debug|Any CPU
		{A56F2C2D-9C26-3B96-C99C-3BBB06D60B39}.Release|Any CPU.ActiveCfg = Release|Any CPU
		{A56F2C2D-9C26-3B96-C99C-3BBB06D60B39}.Release|Any CPU.Build.0 = Release|Any CPU
	EndGlobalSection
	GlobalSection(SolutionProperties) = preSolution
		HideSolutionNode = FALSE
	EndGlobalSection
	GlobalSection(ExtensibilityGlobals) = postSolution
		SolutionGuid = {3F01F59E-5ACD-4786-869F-8BE3E78251D5}
	EndGlobalSection
EndGlobal
